// !$*UTF8*$!
{
	archiveVersion = 1;
	classes = {
	};
	objectVersion = 50;
	objects = {

/* Begin PBXBuildFile section */
		6433E86E24FBB4500047FD1E /* UIView+Animation.swift in Sources */ = {isa = PBXBuildFile; fileRef = 6433E86D24FBB4500047FD1E /* UIView+Animation.swift */; };
		6433E87124FBB6420047FD1E /* MyListsViewController.swift in Sources */ = {isa = PBXBuildFile; fileRef = 6433E87024FBB6420047FD1E /* MyListsViewController.swift */; };
		6433E87324FBB6790047FD1E /* MyListsView.swift in Sources */ = {isa = PBXBuildFile; fileRef = 6433E87224FBB6790047FD1E /* MyListsView.swift */; };
		6433E87524FBB99F0047FD1E /* MyListsTableViewCell.swift in Sources */ = {isa = PBXBuildFile; fileRef = 6433E87424FBB99F0047FD1E /* MyListsTableViewCell.swift */; };
		645FCE9024FA83CA00145A32 /* AppDelegate.swift in Sources */ = {isa = PBXBuildFile; fileRef = 645FCE8F24FA83CA00145A32 /* AppDelegate.swift */; };
		645FCE9224FA83CA00145A32 /* SceneDelegate.swift in Sources */ = {isa = PBXBuildFile; fileRef = 645FCE9124FA83CA00145A32 /* SceneDelegate.swift */; };
		645FCE9924FA83CC00145A32 /* Assets.xcassets in Resources */ = {isa = PBXBuildFile; fileRef = 645FCE9824FA83CC00145A32 /* Assets.xcassets */; };
		645FCE9C24FA83CC00145A32 /* LaunchScreen.storyboard in Resources */ = {isa = PBXBuildFile; fileRef = 645FCE9A24FA83CC00145A32 /* LaunchScreen.storyboard */; };
		645FCEA724FA83CC00145A32 /* RemindersAppTests.swift in Sources */ = {isa = PBXBuildFile; fileRef = 645FCEA624FA83CC00145A32 /* RemindersAppTests.swift */; };
		645FCEB224FA83CC00145A32 /* RemindersAppUITests.swift in Sources */ = {isa = PBXBuildFile; fileRef = 645FCEB124FA83CC00145A32 /* RemindersAppUITests.swift */; };
		645FCEC124FA845B00145A32 /* MainViewController.swift in Sources */ = {isa = PBXBuildFile; fileRef = 645FCEC024FA845B00145A32 /* MainViewController.swift */; };
		645FCEC424FA851B00145A32 /* MainView.swift in Sources */ = {isa = PBXBuildFile; fileRef = 645FCEC324FA851B00145A32 /* MainView.swift */; };
		645FCEC724FA85DC00145A32 /* CategoriesView.swift in Sources */ = {isa = PBXBuildFile; fileRef = 645FCEC624FA85DC00145A32 /* CategoriesView.swift */; };
		645FCECA24FA86FF00145A32 /* UIView+AutoLayout.swift in Sources */ = {isa = PBXBuildFile; fileRef = 645FCEC924FA86FF00145A32 /* UIView+AutoLayout.swift */; };
/* End PBXBuildFile section */

/* Begin PBXContainerItemProxy section */
		645FCEA324FA83CC00145A32 /* PBXContainerItemProxy */ = {
			isa = PBXContainerItemProxy;
			containerPortal = 645FCE8424FA83CA00145A32 /* Project object */;
			proxyType = 1;
			remoteGlobalIDString = 645FCE8B24FA83CA00145A32;
			remoteInfo = RemindersApp;
		};
		645FCEAE24FA83CC00145A32 /* PBXContainerItemProxy */ = {
			isa = PBXContainerItemProxy;
			containerPortal = 645FCE8424FA83CA00145A32 /* Project object */;
			proxyType = 1;
			remoteGlobalIDString = 645FCE8B24FA83CA00145A32;
			remoteInfo = RemindersApp;
		};
/* End PBXContainerItemProxy section */

/* Begin PBXFileReference section */
		6433E86D24FBB4500047FD1E /* UIView+Animation.swift */ = {isa = PBXFileReference; lastKnownFileType = sourcecode.swift; path = "UIView+Animation.swift"; sourceTree = "<group>"; };
		6433E87024FBB6420047FD1E /* MyListsViewController.swift */ = {isa = PBXFileReference; lastKnownFileType = sourcecode.swift; path = MyListsViewController.swift; sourceTree = "<group>"; };
		6433E87224FBB6790047FD1E /* MyListsView.swift */ = {isa = PBXFileReference; lastKnownFileType = sourcecode.swift; path = MyListsView.swift; sourceTree = "<group>"; };
		6433E87424FBB99F0047FD1E /* MyListsTableViewCell.swift */ = {isa = PBXFileReference; lastKnownFileType = sourcecode.swift; path = MyListsTableViewCell.swift; sourceTree = "<group>"; };
		645FCE8C24FA83CA00145A32 /* RemindersApp.app */ = {isa = PBXFileReference; explicitFileType = wrapper.application; includeInIndex = 0; path = RemindersApp.app; sourceTree = BUILT_PRODUCTS_DIR; };
		645FCE8F24FA83CA00145A32 /* AppDelegate.swift */ = {isa = PBXFileReference; lastKnownFileType = sourcecode.swift; path = AppDelegate.swift; sourceTree = "<group>"; };
		645FCE9124FA83CA00145A32 /* SceneDelegate.swift */ = {isa = PBXFileReference; lastKnownFileType = sourcecode.swift; path = SceneDelegate.swift; sourceTree = "<group>"; };
		645FCE9824FA83CC00145A32 /* Assets.xcassets */ = {isa = PBXFileReference; lastKnownFileType = folder.assetcatalog; path = Assets.xcassets; sourceTree = "<group>"; };
		645FCE9B24FA83CC00145A32 /* Base */ = {isa = PBXFileReference; lastKnownFileType = file.storyboard; name = Base; path = Base.lproj/LaunchScreen.storyboard; sourceTree = "<group>"; };
		645FCE9D24FA83CC00145A32 /* Info.plist */ = {isa = PBXFileReference; lastKnownFileType = text.plist.xml; path = Info.plist; sourceTree = "<group>"; };
		645FCEA224FA83CC00145A32 /* RemindersAppTests.xctest */ = {isa = PBXFileReference; explicitFileType = wrapper.cfbundle; includeInIndex = 0; path = RemindersAppTests.xctest; sourceTree = BUILT_PRODUCTS_DIR; };
		645FCEA624FA83CC00145A32 /* RemindersAppTests.swift */ = {isa = PBXFileReference; lastKnownFileType = sourcecode.swift; path = RemindersAppTests.swift; sourceTree = "<group>"; };
		645FCEA824FA83CC00145A32 /* Info.plist */ = {isa = PBXFileReference; lastKnownFileType = text.plist.xml; path = Info.plist; sourceTree = "<group>"; };
		645FCEAD24FA83CC00145A32 /* RemindersAppUITests.xctest */ = {isa = PBXFileReference; explicitFileType = wrapper.cfbundle; includeInIndex = 0; path = RemindersAppUITests.xctest; sourceTree = BUILT_PRODUCTS_DIR; };
		645FCEB124FA83CC00145A32 /* RemindersAppUITests.swift */ = {isa = PBXFileReference; lastKnownFileType = sourcecode.swift; path = RemindersAppUITests.swift; sourceTree = "<group>"; };
		645FCEB324FA83CC00145A32 /* Info.plist */ = {isa = PBXFileReference; lastKnownFileType = text.plist.xml; path = Info.plist; sourceTree = "<group>"; };
		645FCEC024FA845B00145A32 /* MainViewController.swift */ = {isa = PBXFileReference; lastKnownFileType = sourcecode.swift; path = MainViewController.swift; sourceTree = "<group>"; };
		645FCEC324FA851B00145A32 /* MainView.swift */ = {isa = PBXFileReference; lastKnownFileType = sourcecode.swift; path = MainView.swift; sourceTree = "<group>"; };
		645FCEC624FA85DC00145A32 /* CategoriesView.swift */ = {isa = PBXFileReference; lastKnownFileType = sourcecode.swift; path = CategoriesView.swift; sourceTree = "<group>"; };
		645FCEC924FA86FF00145A32 /* UIView+AutoLayout.swift */ = {isa = PBXFileReference; lastKnownFileType = sourcecode.swift; path = "UIView+AutoLayout.swift"; sourceTree = "<group>"; };
/* End PBXFileReference section */

/* Begin PBXFrameworksBuildPhase section */
		645FCE8924FA83CA00145A32 /* Frameworks */ = {
			isa = PBXFrameworksBuildPhase;
			buildActionMask = 2147483647;
			files = (
			);
			runOnlyForDeploymentPostprocessing = 0;
		};
		645FCE9F24FA83CC00145A32 /* Frameworks */ = {
			isa = PBXFrameworksBuildPhase;
			buildActionMask = 2147483647;
			files = (
			);
			runOnlyForDeploymentPostprocessing = 0;
		};
		645FCEAA24FA83CC00145A32 /* Frameworks */ = {
			isa = PBXFrameworksBuildPhase;
			buildActionMask = 2147483647;
			files = (
			);
			runOnlyForDeploymentPostprocessing = 0;
		};
/* End PBXFrameworksBuildPhase section */

/* Begin PBXGroup section */
		6433E86F24FBB6240047FD1E /* MyLists */ = {
			isa = PBXGroup;
			children = (
				6433E87024FBB6420047FD1E /* MyListsViewController.swift */,
				6433E87224FBB6790047FD1E /* MyListsView.swift */,
				6433E87424FBB99F0047FD1E /* MyListsTableViewCell.swift */,
			);
			path = MyLists;
			sourceTree = "<group>";
		};
		645FCE8324FA83CA00145A32 = {
			isa = PBXGroup;
			children = (
				645FCE8E24FA83CA00145A32 /* RemindersApp */,
				645FCEA524FA83CC00145A32 /* RemindersAppTests */,
				645FCEB024FA83CC00145A32 /* RemindersAppUITests */,
				645FCE8D24FA83CA00145A32 /* Products */,
			);
			sourceTree = "<group>";
		};
		645FCE8D24FA83CA00145A32 /* Products */ = {
			isa = PBXGroup;
			children = (
				645FCE8C24FA83CA00145A32 /* RemindersApp.app */,
				645FCEA224FA83CC00145A32 /* RemindersAppTests.xctest */,
				645FCEAD24FA83CC00145A32 /* RemindersAppUITests.xctest */,
			);
			name = Products;
			sourceTree = "<group>";
		};
		645FCE8E24FA83CA00145A32 /* RemindersApp */ = {
			isa = PBXGroup;
			children = (
				6433E86F24FBB6240047FD1E /* MyLists */,
				645FCEC824FA86E700145A32 /* Extensions */,
				645FCEC524FA85A500145A32 /* Categories */,
				645FCEC224FA848600145A32 /* Supporting Files */,
				645FCEBF24FA842D00145A32 /* Main */,
				645FCE9824FA83CC00145A32 /* Assets.xcassets */,
				645FCE9A24FA83CC00145A32 /* LaunchScreen.storyboard */,
				645FCE9D24FA83CC00145A32 /* Info.plist */,
			);
			path = RemindersApp;
			sourceTree = "<group>";
		};
		645FCEA524FA83CC00145A32 /* RemindersAppTests */ = {
			isa = PBXGroup;
			children = (
				645FCEA624FA83CC00145A32 /* RemindersAppTests.swift */,
				645FCEA824FA83CC00145A32 /* Info.plist */,
			);
			path = RemindersAppTests;
			sourceTree = "<group>";
		};
		645FCEB024FA83CC00145A32 /* RemindersAppUITests */ = {
			isa = PBXGroup;
			children = (
				645FCEB124FA83CC00145A32 /* RemindersAppUITests.swift */,
				645FCEB324FA83CC00145A32 /* Info.plist */,
			);
			path = RemindersAppUITests;
			sourceTree = "<group>";
		};
		645FCEBF24FA842D00145A32 /* Main */ = {
			isa = PBXGroup;
			children = (
				645FCEC024FA845B00145A32 /* MainViewController.swift */,
				645FCEC324FA851B00145A32 /* MainView.swift */,
			);
			path = Main;
			sourceTree = "<group>";
		};
		645FCEC224FA848600145A32 /* Supporting Files */ = {
			isa = PBXGroup;
			children = (
				645FCE9124FA83CA00145A32 /* SceneDelegate.swift */,
				645FCE8F24FA83CA00145A32 /* AppDelegate.swift */,
			);
			path = "Supporting Files";
			sourceTree = "<group>";
		};
		645FCEC524FA85A500145A32 /* Categories */ = {
			isa = PBXGroup;
			children = (
				645FCEC624FA85DC00145A32 /* CategoriesView.swift */,
			);
			path = Categories;
			sourceTree = "<group>";
		};
		645FCEC824FA86E700145A32 /* Extensions */ = {
			isa = PBXGroup;
			children = (
				645FCEC924FA86FF00145A32 /* UIView+AutoLayout.swift */,
				6433E86D24FBB4500047FD1E /* UIView+Animation.swift */,
			);
			path = Extensions;
			sourceTree = "<group>";
		};
/* End PBXGroup section */

/* Begin PBXNativeTarget section */
		645FCE8B24FA83CA00145A32 /* RemindersApp */ = {
			isa = PBXNativeTarget;
			buildConfigurationList = 645FCEB624FA83CC00145A32 /* Build configuration list for PBXNativeTarget "RemindersApp" */;
			buildPhases = (
				645FCE8824FA83CA00145A32 /* Sources */,
				645FCE8924FA83CA00145A32 /* Frameworks */,
				645FCE8A24FA83CA00145A32 /* Resources */,
			);
			buildRules = (
			);
			dependencies = (
			);
			name = RemindersApp;
			productName = RemindersApp;
			productReference = 645FCE8C24FA83CA00145A32 /* RemindersApp.app */;
			productType = "com.apple.product-type.application";
		};
		645FCEA124FA83CC00145A32 /* RemindersAppTests */ = {
			isa = PBXNativeTarget;
			buildConfigurationList = 645FCEB924FA83CC00145A32 /* Build configuration list for PBXNativeTarget "RemindersAppTests" */;
			buildPhases = (
				645FCE9E24FA83CC00145A32 /* Sources */,
				645FCE9F24FA83CC00145A32 /* Frameworks */,
				645FCEA024FA83CC00145A32 /* Resources */,
			);
			buildRules = (
			);
			dependencies = (
				645FCEA424FA83CC00145A32 /* PBXTargetDependency */,
			);
			name = RemindersAppTests;
			productName = RemindersAppTests;
			productReference = 645FCEA224FA83CC00145A32 /* RemindersAppTests.xctest */;
			productType = "com.apple.product-type.bundle.unit-test";
		};
		645FCEAC24FA83CC00145A32 /* RemindersAppUITests */ = {
			isa = PBXNativeTarget;
			buildConfigurationList = 645FCEBC24FA83CC00145A32 /* Build configuration list for PBXNativeTarget "RemindersAppUITests" */;
			buildPhases = (
				645FCEA924FA83CC00145A32 /* Sources */,
				645FCEAA24FA83CC00145A32 /* Frameworks */,
				645FCEAB24FA83CC00145A32 /* Resources */,
			);
			buildRules = (
			);
			dependencies = (
				645FCEAF24FA83CC00145A32 /* PBXTargetDependency */,
			);
			name = RemindersAppUITests;
			productName = RemindersAppUITests;
			productReference = 645FCEAD24FA83CC00145A32 /* RemindersAppUITests.xctest */;
			productType = "com.apple.product-type.bundle.ui-testing";
		};
/* End PBXNativeTarget section */

/* Begin PBXProject section */
		645FCE8424FA83CA00145A32 /* Project object */ = {
			isa = PBXProject;
			attributes = {
				LastSwiftUpdateCheck = 1160;
				LastUpgradeCheck = 1160;
				ORGANIZATIONNAME = mkilmer;
				TargetAttributes = {
					645FCE8B24FA83CA00145A32 = {
						CreatedOnToolsVersion = 11.6;
					};
					645FCEA124FA83CC00145A32 = {
						CreatedOnToolsVersion = 11.6;
						TestTargetID = 645FCE8B24FA83CA00145A32;
					};
					645FCEAC24FA83CC00145A32 = {
						CreatedOnToolsVersion = 11.6;
						TestTargetID = 645FCE8B24FA83CA00145A32;
					};
				};
			};
			buildConfigurationList = 645FCE8724FA83CA00145A32 /* Build configuration list for PBXProject "RemindersApp" */;
			compatibilityVersion = "Xcode 9.3";
			developmentRegion = en;
			hasScannedForEncodings = 0;
			knownRegions = (
				en,
				Base,
			);
			mainGroup = 645FCE8324FA83CA00145A32;
			productRefGroup = 645FCE8D24FA83CA00145A32 /* Products */;
			projectDirPath = "";
			projectRoot = "";
			targets = (
				645FCE8B24FA83CA00145A32 /* RemindersApp */,
				645FCEA124FA83CC00145A32 /* RemindersAppTests */,
				645FCEAC24FA83CC00145A32 /* RemindersAppUITests */,
			);
		};
/* End PBXProject section */

/* Begin PBXResourcesBuildPhase section */
		645FCE8A24FA83CA00145A32 /* Resources */ = {
			isa = PBXResourcesBuildPhase;
			buildActionMask = 2147483647;
			files = (
				645FCE9C24FA83CC00145A32 /* LaunchScreen.storyboard in Resources */,
				645FCE9924FA83CC00145A32 /* Assets.xcassets in Resources */,
			);
			runOnlyForDeploymentPostprocessing = 0;
		};
		645FCEA024FA83CC00145A32 /* Resources */ = {
			isa = PBXResourcesBuildPhase;
			buildActionMask = 2147483647;
			files = (
			);
			runOnlyForDeploymentPostprocessing = 0;
		};
		645FCEAB24FA83CC00145A32 /* Resources */ = {
			isa = PBXResourcesBuildPhase;
			buildActionMask = 2147483647;
			files = (
			);
			runOnlyForDeploymentPostprocessing = 0;
		};
/* End PBXResourcesBuildPhase section */

/* Begin PBXSourcesBuildPhase section */
		645FCE8824FA83CA00145A32 /* Sources */ = {
			isa = PBXSourcesBuildPhase;
			buildActionMask = 2147483647;
			files = (
				645FCE9024FA83CA00145A32 /* AppDelegate.swift in Sources */,
				6433E87524FBB99F0047FD1E /* MyListsTableViewCell.swift in Sources */,
				645FCEC724FA85DC00145A32 /* CategoriesView.swift in Sources */,
				6433E87324FBB6790047FD1E /* MyListsView.swift in Sources */,
				6433E87124FBB6420047FD1E /* MyListsViewController.swift in Sources */,
				645FCECA24FA86FF00145A32 /* UIView+AutoLayout.swift in Sources */,
				645FCE9224FA83CA00145A32 /* SceneDelegate.swift in Sources */,
				645FCEC424FA851B00145A32 /* MainView.swift in Sources */,
				6433E86E24FBB4500047FD1E /* UIView+Animation.swift in Sources */,
				645FCEC124FA845B00145A32 /* MainViewController.swift in Sources */,
			);
			runOnlyForDeploymentPostprocessing = 0;
		};
		645FCE9E24FA83CC00145A32 /* Sources */ = {
			isa = PBXSourcesBuildPhase;
			buildActionMask = 2147483647;
			files = (
				645FCEA724FA83CC00145A32 /* RemindersAppTests.swift in Sources */,
			);
			runOnlyForDeploymentPostprocessing = 0;
		};
		645FCEA924FA83CC00145A32 /* Sources */ = {
			isa = PBXSourcesBuildPhase;
			buildActionMask = 2147483647;
			files = (
				645FCEB224FA83CC00145A32 /* RemindersAppUITests.swift in Sources */,
			);
			runOnlyForDeploymentPostprocessing = 0;
		};
/* End PBXSourcesBuildPhase section */

/* Begin PBXTargetDependency section */
		645FCEA424FA83CC00145A32 /* PBXTargetDependency */ = {
			isa = PBXTargetDependency;
			target = 645FCE8B24FA83CA00145A32 /* RemindersApp */;
			targetProxy = 645FCEA324FA83CC00145A32 /* PBXContainerItemProxy */;
		};
		645FCEAF24FA83CC00145A32 /* PBXTargetDependency */ = {
			isa = PBXTargetDependency;
			target = 645FCE8B24FA83CA00145A32 /* RemindersApp */;
			targetProxy = 645FCEAE24FA83CC00145A32 /* PBXContainerItemProxy */;
		};
/* End PBXTargetDependency section */

/* Begin PBXVariantGroup section */
		645FCE9A24FA83CC00145A32 /* LaunchScreen.storyboard */ = {
			isa = PBXVariantGroup;
			children = (
				645FCE9B24FA83CC00145A32 /* Base */,
			);
			name = LaunchScreen.storyboard;
			sourceTree = "<group>";
		};
/* End PBXVariantGroup section */

/* Begin XCBuildConfiguration section */
		645FCEB424FA83CC00145A32 /* Debug */ = {
			isa = XCBuildConfiguration;
			buildSettings = {
				ALWAYS_SEARCH_USER_PATHS = NO;
				CLANG_ANALYZER_NONNULL = YES;
				CLANG_ANALYZER_NUMBER_OBJECT_CONVERSION = YES_AGGRESSIVE;
				CLANG_CXX_LANGUAGE_STANDARD = "gnu++14";
				CLANG_CXX_LIBRARY = "libc++";
				CLANG_ENABLE_MODULES = YES;
				CLANG_ENABLE_OBJC_ARC = YES;
				CLANG_ENABLE_OBJC_WEAK = YES;
				CLANG_WARN_BLOCK_CAPTURE_AUTORELEASING = YES;
				CLANG_WARN_BOOL_CONVERSION = YES;
				CLANG_WARN_COMMA = YES;
				CLANG_WARN_CONSTANT_CONVERSION = YES;
				CLANG_WARN_DEPRECATED_OBJC_IMPLEMENTATIONS = YES;
				CLANG_WARN_DIRECT_OBJC_ISA_USAGE = YES_ERROR;
				CLANG_WARN_DOCUMENTATION_COMMENTS = YES;
				CLANG_WARN_EMPTY_BODY = YES;
				CLANG_WARN_ENUM_CONVERSION = YES;
				CLANG_WARN_INFINITE_RECURSION = YES;
				CLANG_WARN_INT_CONVERSION = YES;
				CLANG_WARN_NON_LITERAL_NULL_CONVERSION = YES;
				CLANG_WARN_OBJC_IMPLICIT_RETAIN_SELF = YES;
				CLANG_WARN_OBJC_LITERAL_CONVERSION = YES;
				CLANG_WARN_OBJC_ROOT_CLASS = YES_ERROR;
				CLANG_WARN_RANGE_LOOP_ANALYSIS = YES;
				CLANG_WARN_STRICT_PROTOTYPES = YES;
				CLANG_WARN_SUSPICIOUS_MOVE = YES;
				CLANG_WARN_UNGUARDED_AVAILABILITY = YES_AGGRESSIVE;
				CLANG_WARN_UNREACHABLE_CODE = YES;
				CLANG_WARN__DUPLICATE_METHOD_MATCH = YES;
				COPY_PHASE_STRIP = NO;
				DEBUG_INFORMATION_FORMAT = dwarf;
				ENABLE_STRICT_OBJC_MSGSEND = YES;
				ENABLE_TESTABILITY = YES;
				GCC_C_LANGUAGE_STANDARD = gnu11;
				GCC_DYNAMIC_NO_PIC = NO;
				GCC_NO_COMMON_BLOCKS = YES;
				GCC_OPTIMIZATION_LEVEL = 0;
				GCC_PREPROCESSOR_DEFINITIONS = (
					"DEBUG=1",
					"$(inherited)",
				);
				GCC_WARN_64_TO_32_BIT_CONVERSION = YES;
				GCC_WARN_ABOUT_RETURN_TYPE = YES_ERROR;
				GCC_WARN_UNDECLARED_SELECTOR = YES;
				GCC_WARN_UNINITIALIZED_AUTOS = YES_AGGRESSIVE;
				GCC_WARN_UNUSED_FUNCTION = YES;
				GCC_WARN_UNUSED_VARIABLE = YES;
				IPHONEOS_DEPLOYMENT_TARGET = 13.6;
				MTL_ENABLE_DEBUG_INFO = INCLUDE_SOURCE;
				MTL_FAST_MATH = YES;
				ONLY_ACTIVE_ARCH = YES;
				SDKROOT = iphoneos;
				SWIFT_ACTIVE_COMPILATION_CONDITIONS = DEBUG;
				SWIFT_OPTIMIZATION_LEVEL = "-Onone";
			};
			name = Debug;
		};
		645FCEB524FA83CC00145A32 /* Release */ = {
			isa = XCBuildConfiguration;
			buildSettings = {
				ALWAYS_SEARCH_USER_PATHS = NO;
				CLANG_ANALYZER_NONNULL = YES;
				CLANG_ANALYZER_NUMBER_OBJECT_CONVERSION = YES_AGGRESSIVE;
				CLANG_CXX_LANGUAGE_STANDARD = "gnu++14";
				CLANG_CXX_LIBRARY = "libc++";
				CLANG_ENABLE_MODULES = YES;
				CLANG_ENABLE_OBJC_ARC = YES;
				CLANG_ENABLE_OBJC_WEAK = YES;
				CLANG_WARN_BLOCK_CAPTURE_AUTORELEASING = YES;
				CLANG_WARN_BOOL_CONVERSION = YES;
				CLANG_WARN_COMMA = YES;
				CLANG_WARN_CONSTANT_CONVERSION = YES;
				CLANG_WARN_DEPRECATED_OBJC_IMPLEMENTATIONS = YES;
				CLANG_WARN_DIRECT_OBJC_ISA_USAGE = YES_ERROR;
				CLANG_WARN_DOCUMENTATION_COMMENTS = YES;
				CLANG_WARN_EMPTY_BODY = YES;
				CLANG_WARN_ENUM_CONVERSION = YES;
				CLANG_WARN_INFINITE_RECURSION = YES;
				CLANG_WARN_INT_CONVERSION = YES;
				CLANG_WARN_NON_LITERAL_NULL_CONVERSION = YES;
				CLANG_WARN_OBJC_IMPLICIT_RETAIN_SELF = YES;
				CLANG_WARN_OBJC_LITERAL_CONVERSION = YES;
				CLANG_WARN_OBJC_ROOT_CLASS = YES_ERROR;
				CLANG_WARN_RANGE_LOOP_ANALYSIS = YES;
				CLANG_WARN_STRICT_PROTOTYPES = YES;
				CLANG_WARN_SUSPICIOUS_MOVE = YES;
				CLANG_WARN_UNGUARDED_AVAILABILITY = YES_AGGRESSIVE;
				CLANG_WARN_UNREACHABLE_CODE = YES;
				CLANG_WARN__DUPLICATE_METHOD_MATCH = YES;
				COPY_PHASE_STRIP = NO;
				DEBUG_INFORMATION_FORMAT = "dwarf-with-dsym";
				ENABLE_NS_ASSERTIONS = NO;
				ENABLE_STRICT_OBJC_MSGSEND = YES;
				GCC_C_LANGUAGE_STANDARD = gnu11;
				GCC_NO_COMMON_BLOCKS = YES;
				GCC_WARN_64_TO_32_BIT_CONVERSION = YES;
				GCC_WARN_ABOUT_RETURN_TYPE = YES_ERROR;
				GCC_WARN_UNDECLARED_SELECTOR = YES;
				GCC_WARN_UNINITIALIZED_AUTOS = YES_AGGRESSIVE;
				GCC_WARN_UNUSED_FUNCTION = YES;
				GCC_WARN_UNUSED_VARIABLE = YES;
				IPHONEOS_DEPLOYMENT_TARGET = 13.6;
				MTL_ENABLE_DEBUG_INFO = NO;
				MTL_FAST_MATH = YES;
				SDKROOT = iphoneos;
				SWIFT_COMPILATION_MODE = wholemodule;
				SWIFT_OPTIMIZATION_LEVEL = "-O";
				VALIDATE_PRODUCT = YES;
			};
			name = Release;
		};
		645FCEB724FA83CC00145A32 /* Debug */ = {
			isa = XCBuildConfiguration;
			buildSettings = {
				ASSETCATALOG_COMPILER_APPICON_NAME = AppIcon;
				CODE_SIGN_STYLE = Automatic;
				DEVELOPMENT_TEAM = JA3K44V4L9;
				INFOPLIST_FILE = RemindersApp/Info.plist;
				LD_RUNPATH_SEARCH_PATHS = (
					"$(inherited)",
					"@executable_path/Frameworks",
				);
				PRODUCT_BUNDLE_IDENTIFIER = ios.appium.RemindersApp;
				PRODUCT_NAME = "$(TARGET_NAME)";
				SWIFT_VERSION = 5.0;
				TARGETED_DEVICE_FAMILY = "1,2";
			};
			name = Debug;
		};
		645FCEB824FA83CC00145A32 /* Release */ = {
			isa = XCBuildConfiguration;
			buildSettings = {
				ASSETCATALOG_COMPILER_APPICON_NAME = AppIcon;
				CODE_SIGN_STYLE = Automatic;
				DEVELOPMENT_TEAM = JA3K44V4L9;
				INFOPLIST_FILE = RemindersApp/Info.plist;
				LD_RUNPATH_SEARCH_PATHS = (
					"$(inherited)",
					"@executable_path/Frameworks",
				);
				PRODUCT_BUNDLE_IDENTIFIER = ios.appium.RemindersApp;
				PRODUCT_NAME = "$(TARGET_NAME)";
				SWIFT_VERSION = 5.0;
				TARGETED_DEVICE_FAMILY = "1,2";
			};
			name = Release;
		};
		645FCEBA24FA83CC00145A32 /* Debug */ = {
			isa = XCBuildConfiguration;
			buildSettings = {
				ALWAYS_EMBED_SWIFT_STANDARD_LIBRARIES = YES;
				BUNDLE_LOADER = "$(TEST_HOST)";
				CODE_SIGN_STYLE = Automatic;
				DEVELOPMENT_TEAM = JA3K44V4L9;
				INFOPLIST_FILE = RemindersAppTests/Info.plist;
				IPHONEOS_DEPLOYMENT_TARGET = 13.6;
				LD_RUNPATH_SEARCH_PATHS = (
					"$(inherited)",
					"@executable_path/Frameworks",
					"@loader_path/Frameworks",
				);
				PRODUCT_BUNDLE_IDENTIFIER = ios.appium.RemindersAppTests;
				PRODUCT_NAME = "$(TARGET_NAME)";
				SWIFT_VERSION = 5.0;
				TARGETED_DEVICE_FAMILY = "1,2";
				TEST_HOST = "$(BUILT_PRODUCTS_DIR)/RemindersApp.app/RemindersApp";
			};
			name = Debug;
		};
		645FCEBB24FA83CC00145A32 /* Release */ = {
			isa = XCBuildConfiguration;
			buildSettings = {
				ALWAYS_EMBED_SWIFT_STANDARD_LIBRARIES = YES;
				BUNDLE_LOADER = "$(TEST_HOST)";
				CODE_SIGN_STYLE = Automatic;
				DEVELOPMENT_TEAM = JA3K44V4L9;
				INFOPLIST_FILE = RemindersAppTests/Info.plist;
				IPHONEOS_DEPLOYMENT_TARGET = 13.6;
				LD_RUNPATH_SEARCH_PATHS = (
					"$(inherited)",
					"@executable_path/Frameworks",
					"@loader_path/Frameworks",
				);
				PRODUCT_BUNDLE_IDENTIFIER = ios.appium.RemindersAppTests;
				PRODUCT_NAME = "$(TARGET_NAME)";
				SWIFT_VERSION = 5.0;
				TARGETED_DEVICE_FAMILY = "1,2";
				TEST_HOST = "$(BUILT_PRODUCTS_DIR)/RemindersApp.app/RemindersApp";
			};
			name = Release;
		};
		645FCEBD24FA83CC00145A32 /* Debug */ = {
			isa = XCBuildConfiguration;
			buildSettings = {
				ALWAYS_EMBED_SWIFT_STANDARD_LIBRARIES = YES;
				CODE_SIGN_STYLE = Automatic;
				DEVELOPMENT_TEAM = JA3K44V4L9;
				INFOPLIST_FILE = RemindersAppUITests/Info.plist;
				LD_RUNPATH_SEARCH_PATHS = (
					"$(inherited)",
					"@executable_path/Frameworks",
					"@loader_path/Frameworks",
				);
				PRODUCT_BUNDLE_IDENTIFIER = ios.appium.RemindersAppUITests;
				PRODUCT_NAME = "$(TARGET_NAME)";
				SWIFT_VERSION = 5.0;
				TARGETED_DEVICE_FAMILY = "1,2";
				TEST_TARGET_NAME = RemindersApp;
			};
			name = Debug;
		};
		645FCEBE24FA83CC00145A32 /* Release */ = {
			isa = XCBuildConfiguration;
			buildSettings = {
				ALWAYS_EMBED_SWIFT_STANDARD_LIBRARIES = YES;
				CODE_SIGN_STYLE = Automatic;
				DEVELOPMENT_TEAM = JA3K44V4L9;
				INFOPLIST_FILE = RemindersAppUITests/Info.plist;
				LD_RUNPATH_SEARCH_PATHS = (
					"$(inherited)",
					"@executable_path/Frameworks",
					"@loader_path/Frameworks",
				);
				PRODUCT_BUNDLE_IDENTIFIER = ios.appium.RemindersAppUITests;
				PRODUCT_NAME = "$(TARGET_NAME)";
				SWIFT_VERSION = 5.0;
				TARGETED_DEVICE_FAMILY = "1,2";
				TEST_TARGET_NAME = RemindersApp;
			};
			name = Release;
		};
/* End XCBuildConfiguration section */

/* Begin XCConfigurationList section */
		645FCE8724FA83CA00145A32 /* Build configuration list for PBXProject "RemindersApp" */ = {
			isa = XCConfigurationList;
			buildConfigurations = (
				645FCEB424FA83CC00145A32 /* Debug */,
				645FCEB524FA83CC00145A32 /* Release */,
			);
			defaultConfigurationIsVisible = 0;
			defaultConfigurationName = Release;
		};
		645FCEB624FA83CC00145A32 /* Build configuration list for PBXNativeTarget "RemindersApp" */ = {
			isa = XCConfigurationList;
			buildConfigurations = (
				645FCEB724FA83CC00145A32 /* Debug */,
				645FCEB824FA83CC00145A32 /* Release */,
			);
			defaultConfigurationIsVisible = 0;
			defaultConfigurationName = Release;
		};
		645FCEB924FA83CC00145A32 /* Build configuration list for PBXNativeTarget "RemindersAppTests" */ = {
			isa = XCConfigurationList;
			buildConfigurations = (
				645FCEBA24FA83CC00145A32 /* Debug */,
				645FCEBB24FA83CC00145A32 /* Release */,
			);
			defaultConfigurationIsVisible = 0;
			defaultConfigurationName = Release;
		};
		645FCEBC24FA83CC00145A32 /* Build configuration list for PBXNativeTarget "RemindersAppUITests" */ = {
			isa = XCConfigurationList;
			buildConfigurations = (
				645FCEBD24FA83CC00145A32 /* Debug */,
				645FCEBE24FA83CC00145A32 /* Release */,
			);
			defaultConfigurationIsVisible = 0;
			defaultConfigurationName = Release;
		};
/* End XCConfigurationList section */
	};
	rootObject = 645FCE8424FA83CA00145A32 /* Project object */;
}
